
Microsoft Visual Studio Solution File, Format Version 12.00
# Visual Studio 2013
VisualStudioVersion = 12.0.21005.1
MinimumVisualStudioVersion = 10.0.40219.1
Project("{2150E333-8FDC-42A3-9474-1A3956D46DE8}") = "1-Infrastructure（基础设施层）", "1-Infrastructure（基础设施层）", "{DBC8FDE2-EEB8-40FB-A5C4-6C7E853C2B15}"
EndProject
Project("{2150E333-8FDC-42A3-9474-1A3956D46DE8}") = "2-Core（核心业务层）", "2-Core（核心业务层）", "{406328F7-676C-4F38-B28E-D2F1C2DE3674}"
EndProject
Project("{2150E333-8FDC-42A3-9474-1A3956D46DE8}") = "3-Application（站点应用层）", "3-Application（站点应用层）", "{863365DC-14FE-429E-B908-6F11A80AEFA7}"
EndProject
Project("{2150E333-8FDC-42A3-9474-1A3956D46DE8}") = "4-Presentation（展现层）", "4-Presentation（展现层）", "{097F8451-D320-4A72-8171-8A7A219A484E}"
EndProject
Project("{FAE04EC0-301F-11D3-BF4B-00C04F79EFBC}") = "LvJl.Component.Data", "LvJl.Component.Data\LvJl.Component.Data.csproj", "{33214E65-D97A-4AC7-9163-8A81F3709E93}"
EndProject
Project("{FAE04EC0-301F-11D3-BF4B-00C04F79EFBC}") = "LvJl.Framework.Core", "LvJl.Framework.Core\LvJl.Framework.Core.csproj", "{9E73F40A-233D-4FF5-B4E7-0071B62F33D8}"
EndProject
Project("{FAE04EC0-301F-11D3-BF4B-00C04F79EFBC}") = "LvJl.Framework.Core.Data", "LvJl.Framework.Core.Data\LvJl.Framework.Core.Data.csproj", "{C2220077-76BF-404B-BA60-6A4D4B398326}"
EndProject
Project("{FAE04EC0-301F-11D3-BF4B-00C04F79EFBC}") = "LvJl.Framework.Core.Models", "LvJl.Framework.Core.Models\LvJl.Framework.Core.Models.csproj", "{E17DFCA5-E814-4D15-B4F3-9A5162989B47}"
EndProject
Project("{FAE04EC0-301F-11D3-BF4B-00C04F79EFBC}") = "LvJl.Framework.Site", "LvJl.Framework.Site\LvJl.Framework.Site.csproj", "{CD1BDB13-0C3F-4321-A48D-FD07C43E6BAB}"
EndProject
Project("{FAE04EC0-301F-11D3-BF4B-00C04F79EFBC}") = "LvJl.Framework.Site.Models", "LvJl.Framework.Site.Models\LvJl.Framework.Site.Models.csproj", "{ACDE8D4C-D087-469D-8FE9-F79AE93965AD}"
EndProject
Project("{FAE04EC0-301F-11D3-BF4B-00C04F79EFBC}") = "LvJl.Framework.FineUI", "LvJl.framework.Webform\LvJl.Framework.FineUI.csproj", "{35AB0FCA-99E3-41A9-8418-A99B54236D8A}"
EndProject
Project("{FAE04EC0-301F-11D3-BF4B-00C04F79EFBC}") = "LvJl.Component.Tools", "LvJl.Component.Tools\LvJl.Component.Tools.csproj", "{E228CBDF-CD6E-457E-8DD9-7B9787E29DF1}"
EndProject
Global
	GlobalSection(SolutionConfigurationPlatforms) = preSolution
		Debug|Any CPU = Debug|Any CPU
		Release|Any CPU = Release|Any CPU
	EndGlobalSection
	GlobalSection(ProjectConfigurationPlatforms) = postSolution
		{33214E65-D97A-4AC7-9163-8A81F3709E93}.Debug|Any CPU.ActiveCfg = Debug|Any CPU
		{33214E65-D97A-4AC7-9163-8A81F3709E93}.Debug|Any CPU.Build.0 = Debug|Any CPU
		{33214E65-D97A-4AC7-9163-8A81F3709E93}.Release|Any CPU.ActiveCfg = Release|Any CPU
		{33214E65-D97A-4AC7-9163-8A81F3709E93}.Release|Any CPU.Build.0 = Release|Any CPU
		{9E73F40A-233D-4FF5-B4E7-0071B62F33D8}.Debug|Any CPU.ActiveCfg = Debug|Any CPU
		{9E73F40A-233D-4FF5-B4E7-0071B62F33D8}.Debug|Any CPU.Build.0 = Debug|Any CPU
		{9E73F40A-233D-4FF5-B4E7-0071B62F33D8}.Release|Any CPU.ActiveCfg = Release|Any CPU
		{9E73F40A-233D-4FF5-B4E7-0071B62F33D8}.Release|Any CPU.Build.0 = Release|Any CPU
		{C2220077-76BF-404B-BA60-6A4D4B398326}.Debug|Any CPU.ActiveCfg = Debug|Any CPU
		{C2220077-76BF-404B-BA60-6A4D4B398326}.Debug|Any CPU.Build.0 = Debug|Any CPU
		{C2220077-76BF-404B-BA60-6A4D4B398326}.Release|Any CPU.ActiveCfg = Release|Any CPU
		{C2220077-76BF-404B-BA60-6A4D4B398326}.Release|Any CPU.Build.0 = Release|Any CPU
		{E17DFCA5-E814-4D15-B4F3-9A5162989B47}.Debug|Any CPU.ActiveCfg = Debug|Any CPU
		{E17DFCA5-E814-4D15-B4F3-9A5162989B47}.Debug|Any CPU.Build.0 = Debug|Any CPU
		{E17DFCA5-E814-4D15-B4F3-9A5162989B47}.Release|Any CPU.ActiveCfg = Release|Any CPU
		{E17DFCA5-E814-4D15-B4F3-9A5162989B47}.Release|Any CPU.Build.0 = Release|Any CPU
		{CD1BDB13-0C3F-4321-A48D-FD07C43E6BAB}.Debug|Any CPU.ActiveCfg = Debug|Any CPU
		{CD1BDB13-0C3F-4321-A48D-FD07C43E6BAB}.Debug|Any CPU.Build.0 = Debug|Any CPU
		{CD1BDB13-0C3F-4321-A48D-FD07C43E6BAB}.Release|Any CPU.ActiveCfg = Release|Any CPU
		{CD1BDB13-0C3F-4321-A48D-FD07C43E6BAB}.Release|Any CPU.Build.0 = Release|Any CPU
		{ACDE8D4C-D087-469D-8FE9-F79AE93965AD}.Debug|Any CPU.ActiveCfg = Debug|Any CPU
		{ACDE8D4C-D087-469D-8FE9-F79AE93965AD}.Debug|Any CPU.Build.0 = Debug|Any CPU
		{ACDE8D4C-D087-469D-8FE9-F79AE93965AD}.Release|Any CPU.ActiveCfg = Release|Any CPU
		{ACDE8D4C-D087-469D-8FE9-F79AE93965AD}.Release|Any CPU.Build.0 = Release|Any CPU
		{35AB0FCA-99E3-41A9-8418-A99B54236D8A}.Debug|Any CPU.ActiveCfg = Debug|Any CPU
		{35AB0FCA-99E3-41A9-8418-A99B54236D8A}.Debug|Any CPU.Build.0 = Debug|Any CPU
		{35AB0FCA-99E3-41A9-8418-A99B54236D8A}.Release|Any CPU.ActiveCfg = Release|Any CPU
		{35AB0FCA-99E3-41A9-8418-A99B54236D8A}.Release|Any CPU.Build.0 = Release|Any CPU
		{E228CBDF-CD6E-457E-8DD9-7B9787E29DF1}.Debug|Any CPU.ActiveCfg = Debug|Any CPU
		{E228CBDF-CD6E-457E-8DD9-7B9787E29DF1}.Debug|Any CPU.Build.0 = Debug|Any CPU
		{E228CBDF-CD6E-457E-8DD9-7B9787E29DF1}.Release|Any CPU.ActiveCfg = Release|Any CPU
		{E228CBDF-CD6E-457E-8DD9-7B9787E29DF1}.Release|Any CPU.Build.0 = Release|Any CPU
	EndGlobalSection
	GlobalSection(SolutionProperties) = preSolution
		HideSolutionNode = FALSE
	EndGlobalSection
	GlobalSection(NestedProjects) = preSolution
		{33214E65-D97A-4AC7-9163-8A81F3709E93} = {DBC8FDE2-EEB8-40FB-A5C4-6C7E853C2B15}
		{E228CBDF-CD6E-457E-8DD9-7B9787E29DF1} = {DBC8FDE2-EEB8-40FB-A5C4-6C7E853C2B15}
		{9E73F40A-233D-4FF5-B4E7-0071B62F33D8} = {406328F7-676C-4F38-B28E-D2F1C2DE3674}
		{C2220077-76BF-404B-BA60-6A4D4B398326} = {406328F7-676C-4F38-B28E-D2F1C2DE3674}
		{E17DFCA5-E814-4D15-B4F3-9A5162989B47} = {406328F7-676C-4F38-B28E-D2F1C2DE3674}
		{CD1BDB13-0C3F-4321-A48D-FD07C43E6BAB} = {863365DC-14FE-429E-B908-6F11A80AEFA7}
		{ACDE8D4C-D087-469D-8FE9-F79AE93965AD} = {863365DC-14FE-429E-B908-6F11A80AEFA7}
		{35AB0FCA-99E3-41A9-8418-A99B54236D8A} = {097F8451-D320-4A72-8171-8A7A219A484E}
	EndGlobalSection
EndGlobal
