
Microsoft Visual Studio Solution File, Format Version 12.00
# Visual Studio 2013
VisualStudioVersion = 12.0.21005.1
MinimumVisualStudioVersion = 10.0.40219.1
Project("{2150E333-8FDC-42A3-9474-1A3956D46DE8}") = "1-Infrastructure（基础设施层）", "1-Infrastructure（基础设施层）", "{DBC8FDE2-EEB8-40FB-A5C4-6C7E853C2B15}"
EndProject
Project("{2150E333-8FDC-42A3-9474-1A3956D46DE8}") = "2-Core（核心业务层）", "2-Core（核心业务层）", "{406328F7-676C-4F38-B28E-D2F1C2DE3674}"
EndProject
Project("{2150E333-8FDC-42A3-9474-1A3956D46DE8}") = "3-Application（站点应用层）", "3-Application（站点应用层）", "{863365DC-14FE-429E-B908-6F11A80AEFA7}"
EndProject
Project("{2150E333-8FDC-42A3-9474-1A3956D46DE8}") = "4-Presentation（展现层）", "4-Presentation（展现层）", "{097F8451-D320-4A72-8171-8A7A219A484E}"
EndProject
Project("{FAE04EC0-301F-11D3-BF4B-00C04F79EFBC}") = "LvJl.Component.Data", "LvJl.Component.Data\LvJl.Component.Data.csproj", "{33214E65-D97A-4AC7-9163-8A81F3709E93}"
EndProject
Project("{FAE04EC0-301F-11D3-BF4B-00C04F79EFBC}") = "LvJl.Component.Tools", "LvJl.Component.Tools\LvJl.Component.Tools.csproj", "{5D0556B4-9FEE-485E-8D9A-76986ED2CEB5}"
EndProject
Global
	GlobalSection(SolutionConfigurationPlatforms) = preSolution
		Debug|Any CPU = Debug|Any CPU
		Release|Any CPU = Release|Any CPU
	EndGlobalSection
	GlobalSection(ProjectConfigurationPlatforms) = postSolution
		{33214E65-D97A-4AC7-9163-8A81F3709E93}.Debug|Any CPU.ActiveCfg = Debug|Any CPU
		{33214E65-D97A-4AC7-9163-8A81F3709E93}.Debug|Any CPU.Build.0 = Debug|Any CPU
		{33214E65-D97A-4AC7-9163-8A81F3709E93}.Release|Any CPU.ActiveCfg = Release|Any CPU
		{33214E65-D97A-4AC7-9163-8A81F3709E93}.Release|Any CPU.Build.0 = Release|Any CPU
		{5D0556B4-9FEE-485E-8D9A-76986ED2CEB5}.Debug|Any CPU.ActiveCfg = Debug|Any CPU
		{5D0556B4-9FEE-485E-8D9A-76986ED2CEB5}.Debug|Any CPU.Build.0 = Debug|Any CPU
		{5D0556B4-9FEE-485E-8D9A-76986ED2CEB5}.Release|Any CPU.ActiveCfg = Release|Any CPU
		{5D0556B4-9FEE-485E-8D9A-76986ED2CEB5}.Release|Any CPU.Build.0 = Release|Any CPU
	EndGlobalSection
	GlobalSection(SolutionProperties) = preSolution
		HideSolutionNode = FALSE
	EndGlobalSection
	GlobalSection(NestedProjects) = preSolution
		{33214E65-D97A-4AC7-9163-8A81F3709E93} = {DBC8FDE2-EEB8-40FB-A5C4-6C7E853C2B15}
		{5D0556B4-9FEE-485E-8D9A-76986ED2CEB5} = {DBC8FDE2-EEB8-40FB-A5C4-6C7E853C2B15}
	EndGlobalSection
EndGlobal
